
Microsoft Visual Studio Solution File, Format Version 12.00
# Visual Studio Version 16
VisualStudioVersion = 16.0.31729.503
MinimumVisualStudioVersion = 10.0.40219.1
Project("{FAE04EC0-301F-11D3-BF4B-00C04F79EFBC}") = "Graphics03", "Graphics03\Graphics03.csproj", "{AF3600E3-EAF5-41FE-AC7F-74493FE484AD}"
EndProject
Global
	GlobalSection(SolutionConfigurationPlatforms) = preSolution
		Debug|Any CPU = Debug|Any CPU
		Release|Any CPU = Release|Any CPU
	EndGlobalSection
	GlobalSection(ProjectConfigurationPlatforms) = postSolution
		{AF3600E3-EAF5-41FE-AC7F-74493FE484AD}.Debug|Any CPU.ActiveCfg = Debug|Any CPU
		{AF3600E3-EAF5-41FE-AC7F-74493FE484AD}.Debug|Any CPU.Build.0 = Debug|Any CPU
		{AF3600E3-EAF5-41FE-AC7F-74493FE484AD}.Release|Any CPU.ActiveCfg = Release|Any CPU
		{AF3600E3-EAF5-41FE-AC7F-74493FE484AD}.Release|Any CPU.Build.0 = Release|Any CPU
	EndGlobalSection
	GlobalSection(SolutionProperties) = preSolution
		HideSolutionNode = FALSE
	EndGlobalSection
	GlobalSection(ExtensibilityGlobals) = postSolution
		SolutionGuid = {6A734E08-3244-4273-AAA3-D4378DB50940}
	EndGlobalSection
EndGlobal
