
Microsoft Visual Studio Solution File, Format Version 12.00
# Visual Studio Version 16
VisualStudioVersion = 16.0.31729.503
MinimumVisualStudioVersion = 10.0.40219.1
Project("{FAE04EC0-301F-11D3-BF4B-00C04F79EFBC}") = "WindowsFormsApp1", "WindowsFormsApp1\WindowsFormsApp1.csproj", "{DB8BD773-4A6D-4769-BBD5-DB4DC378E411}"
EndProject
Global
	GlobalSection(SolutionConfigurationPlatforms) = preSolution
		Debug|Any CPU = Debug|Any CPU
		Release|Any CPU = Release|Any CPU
	EndGlobalSection
	GlobalSection(ProjectConfigurationPlatforms) = postSolution
		{DB8BD773-4A6D-4769-BBD5-DB4DC378E411}.Debug|Any CPU.ActiveCfg = Debug|Any CPU
		{DB8BD773-4A6D-4769-BBD5-DB4DC378E411}.Debug|Any CPU.Build.0 = Debug|Any CPU
		{DB8BD773-4A6D-4769-BBD5-DB4DC378E411}.Release|Any CPU.ActiveCfg = Release|Any CPU
		{DB8BD773-4A6D-4769-BBD5-DB4DC378E411}.Release|Any CPU.Build.0 = Release|Any CPU
	EndGlobalSection
	GlobalSection(SolutionProperties) = preSolution
		HideSolutionNode = FALSE
	EndGlobalSection
	GlobalSection(ExtensibilityGlobals) = postSolution
		SolutionGuid = {8F97EF9B-E4AB-42AD-A96B-E1899EBC56EF}
	EndGlobalSection
EndGlobal
